// !$*UTF8*$!
{
	archiveVersion = 1;
	classes = {
	};
	objectVersion = 46;
	objects = {

/* Begin PBXBuildFile section */
		03473C8418C94A6B000F91C7 /* NSObject+Additionals.m in Sources */ = {isa = PBXBuildFile; fileRef = 03473C8318C94A6B000F91C7 /* NSObject+Additionals.m */; };
		03473C8718C94A89000F91C7 /* NSString+Additionals.m in Sources */ = {isa = PBXBuildFile; fileRef = 03473C8618C94A89000F91C7 /* NSString+Additionals.m */; };
		03473C8A18C94ACA000F91C7 /* LFYObject.m in Sources */ = {isa = PBXBuildFile; fileRef = 03473C8918C94ACA000F91C7 /* LFYObject.m */; };
		03473C8D18C94B19000F91C7 /* MTLModel+Additionals.m in Sources */ = {isa = PBXBuildFile; fileRef = 03473C8C18C94B19000F91C7 /* MTLModel+Additionals.m */; };
		03473C9018C95274000F91C7 /* LFYQuery.m in Sources */ = {isa = PBXBuildFile; fileRef = 03473C8F18C95274000F91C7 /* LFYQuery.m */; };
		03473C9318C9557D000F91C7 /* LFYPost.m in Sources */ = {isa = PBXBuildFile; fileRef = 03473C9218C9557D000F91C7 /* LFYPost.m */; };
		03473C9618C9569D000F91C7 /* LFYUser.m in Sources */ = {isa = PBXBuildFile; fileRef = 03473C9518C9569D000F91C7 /* LFYUser.m */; };
		03473C9918C957DA000F91C7 /* LFYPhoto.m in Sources */ = {isa = PBXBuildFile; fileRef = 03473C9818C957DA000F91C7 /* LFYPhoto.m */; };
		03473C9C18C95872000F91C7 /* LFYComment.m in Sources */ = {isa = PBXBuildFile; fileRef = 03473C9B18C95872000F91C7 /* LFYComment.m */; };
		03473C9F18C958E9000F91C7 /* LFYTag.m in Sources */ = {isa = PBXBuildFile; fileRef = 03473C9E18C958E9000F91C7 /* LFYTag.m */; };
		03473CA218C9596E000F91C7 /* LFYPostTests.m in Sources */ = {isa = PBXBuildFile; fileRef = 03473CA118C9596E000F91C7 /* LFYPostTests.m */; };
		03473CA418C959B0000F91C7 /* Post.json in Resources */ = {isa = PBXBuildFile; fileRef = 03473CA318C959B0000F91C7 /* Post.json */; };
		03473CA718C95C24000F91C7 /* XCTestCase+Additionals.m in Sources */ = {isa = PBXBuildFile; fileRef = 03473CA618C95C24000F91C7 /* XCTestCase+Additionals.m */; };
		03473CA918C960BB000F91C7 /* LFYUserTests.m in Sources */ = {isa = PBXBuildFile; fileRef = 03473CA818C960BB000F91C7 /* LFYUserTests.m */; };
		03473CAB18C96112000F91C7 /* User.json in Resources */ = {isa = PBXBuildFile; fileRef = 03473CAA18C96112000F91C7 /* User.json */; };
		03473CAD18C961D6000F91C7 /* Photo.json in Resources */ = {isa = PBXBuildFile; fileRef = 03473CAC18C961D6000F91C7 /* Photo.json */; };
		03473CAF18C961E3000F91C7 /* LFYPhotoTests.m in Sources */ = {isa = PBXBuildFile; fileRef = 03473CAE18C961E3000F91C7 /* LFYPhotoTests.m */; };
		03473CB118C962B4000F91C7 /* LFYCommentTests.m in Sources */ = {isa = PBXBuildFile; fileRef = 03473CB018C962B4000F91C7 /* LFYCommentTests.m */; };
		03473CB318C962BE000F91C7 /* Comment.json in Resources */ = {isa = PBXBuildFile; fileRef = 03473CB218C962BE000F91C7 /* Comment.json */; };
		034961C818C0A384007880B4 /* Foundation.framework in Frameworks */ = {isa = PBXBuildFile; fileRef = 034961C718C0A384007880B4 /* Foundation.framework */; };
		034961CA18C0A384007880B4 /* CoreGraphics.framework in Frameworks */ = {isa = PBXBuildFile; fileRef = 034961C918C0A384007880B4 /* CoreGraphics.framework */; };
		034961CC18C0A384007880B4 /* UIKit.framework in Frameworks */ = {isa = PBXBuildFile; fileRef = 034961CB18C0A384007880B4 /* UIKit.framework */; };
		034961D218C0A384007880B4 /* InfoPlist.strings in Resources */ = {isa = PBXBuildFile; fileRef = 034961D018C0A384007880B4 /* InfoPlist.strings */; };
		034961D418C0A384007880B4 /* main.m in Sources */ = {isa = PBXBuildFile; fileRef = 034961D318C0A384007880B4 /* main.m */; };
		034961D818C0A384007880B4 /* AppDelegate.m in Sources */ = {isa = PBXBuildFile; fileRef = 034961D718C0A384007880B4 /* AppDelegate.m */; };
		034961E018C0A384007880B4 /* Images.xcassets in Resources */ = {isa = PBXBuildFile; fileRef = 034961DF18C0A384007880B4 /* Images.xcassets */; };
		034961E718C0A385007880B4 /* XCTest.framework in Frameworks */ = {isa = PBXBuildFile; fileRef = 034961E618C0A385007880B4 /* XCTest.framework */; };
		034961E818C0A385007880B4 /* Foundation.framework in Frameworks */ = {isa = PBXBuildFile; fileRef = 034961C718C0A384007880B4 /* Foundation.framework */; };
		034961E918C0A385007880B4 /* UIKit.framework in Frameworks */ = {isa = PBXBuildFile; fileRef = 034961CB18C0A384007880B4 /* UIKit.framework */; };
		034961F118C0A385007880B4 /* InfoPlist.strings in Resources */ = {isa = PBXBuildFile; fileRef = 034961EF18C0A385007880B4 /* InfoPlist.strings */; };
		D8C2CC0D2DDD4913B7B9B9DB /* libPods.a in Frameworks */ = {isa = PBXBuildFile; fileRef = 16EB8884C09F48F8BDFA944C /* libPods.a */; };
		E462151C46E243E284DBEAA5 /* libPods-LittleFullyTests.a in Frameworks */ = {isa = PBXBuildFile; fileRef = 82D47127AB5F4B25B7157B9A /* libPods-LittleFullyTests.a */; };
/* End PBXBuildFile section */

/* Begin PBXContainerItemProxy section */
		034961EA18C0A385007880B4 /* PBXContainerItemProxy */ = {
			isa = PBXContainerItemProxy;
			containerPortal = 034961BC18C0A384007880B4 /* Project object */;
			proxyType = 1;
			remoteGlobalIDString = 034961C318C0A384007880B4;
			remoteInfo = LittleFully;
		};
/* End PBXContainerItemProxy section */

/* Begin PBXFileReference section */
		03473C8218C94A6B000F91C7 /* NSObject+Additionals.h */ = {isa = PBXFileReference; fileEncoding = 4; lastKnownFileType = sourcecode.c.h; path = "NSObject+Additionals.h"; sourceTree = "<group>"; };
		03473C8318C94A6B000F91C7 /* NSObject+Additionals.m */ = {isa = PBXFileReference; fileEncoding = 4; lastKnownFileType = sourcecode.c.objc; path = "NSObject+Additionals.m"; sourceTree = "<group>"; };
		03473C8518C94A89000F91C7 /* NSString+Additionals.h */ = {isa = PBXFileReference; fileEncoding = 4; lastKnownFileType = sourcecode.c.h; path = "NSString+Additionals.h"; sourceTree = "<group>"; };
		03473C8618C94A89000F91C7 /* NSString+Additionals.m */ = {isa = PBXFileReference; fileEncoding = 4; lastKnownFileType = sourcecode.c.objc; path = "NSString+Additionals.m"; sourceTree = "<group>"; };
		03473C8818C94ACA000F91C7 /* LFYObject.h */ = {isa = PBXFileReference; fileEncoding = 4; lastKnownFileType = sourcecode.c.h; path = LFYObject.h; sourceTree = "<group>"; };
		03473C8918C94ACA000F91C7 /* LFYObject.m */ = {isa = PBXFileReference; fileEncoding = 4; lastKnownFileType = sourcecode.c.objc; path = LFYObject.m; sourceTree = "<group>"; };
		03473C8B18C94B19000F91C7 /* MTLModel+Additionals.h */ = {isa = PBXFileReference; fileEncoding = 4; lastKnownFileType = sourcecode.c.h; path = "MTLModel+Additionals.h"; sourceTree = "<group>"; };
		03473C8C18C94B19000F91C7 /* MTLModel+Additionals.m */ = {isa = PBXFileReference; fileEncoding = 4; lastKnownFileType = sourcecode.c.objc; path = "MTLModel+Additionals.m"; sourceTree = "<group>"; };
		03473C8E18C95274000F91C7 /* LFYQuery.h */ = {isa = PBXFileReference; fileEncoding = 4; lastKnownFileType = sourcecode.c.h; path = LFYQuery.h; sourceTree = "<group>"; };
		03473C8F18C95274000F91C7 /* LFYQuery.m */ = {isa = PBXFileReference; fileEncoding = 4; lastKnownFileType = sourcecode.c.objc; path = LFYQuery.m; sourceTree = "<group>"; };
		03473C9118C9557D000F91C7 /* LFYPost.h */ = {isa = PBXFileReference; fileEncoding = 4; lastKnownFileType = sourcecode.c.h; path = LFYPost.h; sourceTree = "<group>"; };
		03473C9218C9557D000F91C7 /* LFYPost.m */ = {isa = PBXFileReference; fileEncoding = 4; lastKnownFileType = sourcecode.c.objc; path = LFYPost.m; sourceTree = "<group>"; };
		03473C9418C9569D000F91C7 /* LFYUser.h */ = {isa = PBXFileReference; fileEncoding = 4; lastKnownFileType = sourcecode.c.h; path = LFYUser.h; sourceTree = "<group>"; };
		03473C9518C9569D000F91C7 /* LFYUser.m */ = {isa = PBXFileReference; fileEncoding = 4; lastKnownFileType = sourcecode.c.objc; path = LFYUser.m; sourceTree = "<group>"; };
		03473C9718C957DA000F91C7 /* LFYPhoto.h */ = {isa = PBXFileReference; fileEncoding = 4; lastKnownFileType = sourcecode.c.h; path = LFYPhoto.h; sourceTree = "<group>"; };
		03473C9818C957DA000F91C7 /* LFYPhoto.m */ = {isa = PBXFileReference; fileEncoding = 4; lastKnownFileType = sourcecode.c.objc; path = LFYPhoto.m; sourceTree = "<group>"; };
		03473C9A18C95872000F91C7 /* LFYComment.h */ = {isa = PBXFileReference; fileEncoding = 4; lastKnownFileType = sourcecode.c.h; path = LFYComment.h; sourceTree = "<group>"; };
		03473C9B18C95872000F91C7 /* LFYComment.m */ = {isa = PBXFileReference; fileEncoding = 4; lastKnownFileType = sourcecode.c.objc; path = LFYComment.m; sourceTree = "<group>"; };
		03473C9D18C958E9000F91C7 /* LFYTag.h */ = {isa = PBXFileReference; fileEncoding = 4; lastKnownFileType = sourcecode.c.h; path = LFYTag.h; sourceTree = "<group>"; };
		03473C9E18C958E9000F91C7 /* LFYTag.m */ = {isa = PBXFileReference; fileEncoding = 4; lastKnownFileType = sourcecode.c.objc; path = LFYTag.m; sourceTree = "<group>"; };
		03473CA118C9596E000F91C7 /* LFYPostTests.m */ = {isa = PBXFileReference; fileEncoding = 4; lastKnownFileType = sourcecode.c.objc; path = LFYPostTests.m; sourceTree = "<group>"; };
		03473CA318C959B0000F91C7 /* Post.json */ = {isa = PBXFileReference; fileEncoding = 4; lastKnownFileType = text.json; path = Post.json; sourceTree = "<group>"; };
		03473CA518C95C24000F91C7 /* XCTestCase+Additionals.h */ = {isa = PBXFileReference; fileEncoding = 4; lastKnownFileType = sourcecode.c.h; path = "XCTestCase+Additionals.h"; sourceTree = "<group>"; };
		03473CA618C95C24000F91C7 /* XCTestCase+Additionals.m */ = {isa = PBXFileReference; fileEncoding = 4; lastKnownFileType = sourcecode.c.objc; path = "XCTestCase+Additionals.m"; sourceTree = "<group>"; };
		03473CA818C960BB000F91C7 /* LFYUserTests.m */ = {isa = PBXFileReference; fileEncoding = 4; lastKnownFileType = sourcecode.c.objc; path = LFYUserTests.m; sourceTree = "<group>"; };
		03473CAA18C96112000F91C7 /* User.json */ = {isa = PBXFileReference; fileEncoding = 4; lastKnownFileType = text.json; path = User.json; sourceTree = "<group>"; };
		03473CAC18C961D6000F91C7 /* Photo.json */ = {isa = PBXFileReference; fileEncoding = 4; lastKnownFileType = text.json; path = Photo.json; sourceTree = "<group>"; };
		03473CAE18C961E3000F91C7 /* LFYPhotoTests.m */ = {isa = PBXFileReference; fileEncoding = 4; lastKnownFileType = sourcecode.c.objc; path = LFYPhotoTests.m; sourceTree = "<group>"; };
		03473CB018C962B4000F91C7 /* LFYCommentTests.m */ = {isa = PBXFileReference; fileEncoding = 4; lastKnownFileType = sourcecode.c.objc; path = LFYCommentTests.m; sourceTree = "<group>"; };
		03473CB218C962BE000F91C7 /* Comment.json */ = {isa = PBXFileReference; fileEncoding = 4; lastKnownFileType = text.json; path = Comment.json; sourceTree = "<group>"; };
		034961C418C0A384007880B4 /* LittleFully.app */ = {isa = PBXFileReference; explicitFileType = wrapper.application; includeInIndex = 0; path = LittleFully.app; sourceTree = BUILT_PRODUCTS_DIR; };
		034961C718C0A384007880B4 /* Foundation.framework */ = {isa = PBXFileReference; lastKnownFileType = wrapper.framework; name = Foundation.framework; path = System/Library/Frameworks/Foundation.framework; sourceTree = SDKROOT; };
		034961C918C0A384007880B4 /* CoreGraphics.framework */ = {isa = PBXFileReference; lastKnownFileType = wrapper.framework; name = CoreGraphics.framework; path = System/Library/Frameworks/CoreGraphics.framework; sourceTree = SDKROOT; };
		034961CB18C0A384007880B4 /* UIKit.framework */ = {isa = PBXFileReference; lastKnownFileType = wrapper.framework; name = UIKit.framework; path = System/Library/Frameworks/UIKit.framework; sourceTree = SDKROOT; };
		034961CF18C0A384007880B4 /* LittleFully-Info.plist */ = {isa = PBXFileReference; lastKnownFileType = text.plist.xml; path = "LittleFully-Info.plist"; sourceTree = "<group>"; };
		034961D118C0A384007880B4 /* en */ = {isa = PBXFileReference; lastKnownFileType = text.plist.strings; name = en; path = en.lproj/InfoPlist.strings; sourceTree = "<group>"; };
		034961D318C0A384007880B4 /* main.m */ = {isa = PBXFileReference; lastKnownFileType = sourcecode.c.objc; path = main.m; sourceTree = "<group>"; };
		034961D518C0A384007880B4 /* LittleFully-Prefix.pch */ = {isa = PBXFileReference; lastKnownFileType = sourcecode.c.h; path = "LittleFully-Prefix.pch"; sourceTree = "<group>"; };
		034961D618C0A384007880B4 /* AppDelegate.h */ = {isa = PBXFileReference; lastKnownFileType = sourcecode.c.h; path = AppDelegate.h; sourceTree = "<group>"; };
		034961D718C0A384007880B4 /* AppDelegate.m */ = {isa = PBXFileReference; lastKnownFileType = sourcecode.c.objc; path = AppDelegate.m; sourceTree = "<group>"; };
		034961DF18C0A384007880B4 /* Images.xcassets */ = {isa = PBXFileReference; lastKnownFileType = folder.assetcatalog; path = Images.xcassets; sourceTree = "<group>"; };
		034961E518C0A385007880B4 /* LittleFullyTests.xctest */ = {isa = PBXFileReference; explicitFileType = wrapper.cfbundle; includeInIndex = 0; path = LittleFullyTests.xctest; sourceTree = BUILT_PRODUCTS_DIR; };
		034961E618C0A385007880B4 /* XCTest.framework */ = {isa = PBXFileReference; lastKnownFileType = wrapper.framework; name = XCTest.framework; path = Library/Frameworks/XCTest.framework; sourceTree = DEVELOPER_DIR; };
		034961EE18C0A385007880B4 /* LittleFullyTests-Info.plist */ = {isa = PBXFileReference; lastKnownFileType = text.plist.xml; path = "LittleFullyTests-Info.plist"; sourceTree = "<group>"; };
		034961F018C0A385007880B4 /* en */ = {isa = PBXFileReference; lastKnownFileType = text.plist.strings; name = en; path = en.lproj/InfoPlist.strings; sourceTree = "<group>"; };
		16EB8884C09F48F8BDFA944C /* libPods.a */ = {isa = PBXFileReference; explicitFileType = archive.ar; includeInIndex = 0; path = libPods.a; sourceTree = BUILT_PRODUCTS_DIR; };
		2D34D8E9DA5A46A79B3FCA95 /* Pods-LittleFullyTests.xcconfig */ = {isa = PBXFileReference; includeInIndex = 1; lastKnownFileType = text.xcconfig; name = "Pods-LittleFullyTests.xcconfig"; path = "Pods/Pods-LittleFullyTests.xcconfig"; sourceTree = "<group>"; };
		72E63961C8804D06A55ECA04 /* Pods.xcconfig */ = {isa = PBXFileReference; includeInIndex = 1; lastKnownFileType = text.xcconfig; name = Pods.xcconfig; path = Pods/Pods.xcconfig; sourceTree = "<group>"; };
		82D47127AB5F4B25B7157B9A /* libPods-LittleFullyTests.a */ = {isa = PBXFileReference; explicitFileType = archive.ar; includeInIndex = 0; path = "libPods-LittleFullyTests.a"; sourceTree = BUILT_PRODUCTS_DIR; };
/* End PBXFileReference section */

/* Begin PBXFrameworksBuildPhase section */
		034961C118C0A384007880B4 /* Frameworks */ = {
			isa = PBXFrameworksBuildPhase;
			buildActionMask = 2147483647;
			files = (
				034961CA18C0A384007880B4 /* CoreGraphics.framework in Frameworks */,
				034961CC18C0A384007880B4 /* UIKit.framework in Frameworks */,
				034961C818C0A384007880B4 /* Foundation.framework in Frameworks */,
				D8C2CC0D2DDD4913B7B9B9DB /* libPods.a in Frameworks */,
			);
			runOnlyForDeploymentPostprocessing = 0;
		};
		034961E218C0A385007880B4 /* Frameworks */ = {
			isa = PBXFrameworksBuildPhase;
			buildActionMask = 2147483647;
			files = (
				034961E718C0A385007880B4 /* XCTest.framework in Frameworks */,
				034961E918C0A385007880B4 /* UIKit.framework in Frameworks */,
				034961E818C0A385007880B4 /* Foundation.framework in Frameworks */,
				E462151C46E243E284DBEAA5 /* libPods-LittleFullyTests.a in Frameworks */,
			);
			runOnlyForDeploymentPostprocessing = 0;
		};
/* End PBXFrameworksBuildPhase section */

/* Begin PBXGroup section */
		03473C7C18C949CA000F91C7 /* Categories */ = {
			isa = PBXGroup;
			children = (
				03473C8218C94A6B000F91C7 /* NSObject+Additionals.h */,
				03473C8318C94A6B000F91C7 /* NSObject+Additionals.m */,
				03473C8518C94A89000F91C7 /* NSString+Additionals.h */,
				03473C8618C94A89000F91C7 /* NSString+Additionals.m */,
				03473C8B18C94B19000F91C7 /* MTLModel+Additionals.h */,
				03473C8C18C94B19000F91C7 /* MTLModel+Additionals.m */,
			);
			path = Categories;
			sourceTree = "<group>";
		};
		03473C7D18C949D2000F91C7 /* Models */ = {
			isa = PBXGroup;
			children = (
				03473C8818C94ACA000F91C7 /* LFYObject.h */,
				03473C8918C94ACA000F91C7 /* LFYObject.m */,
				03473C8E18C95274000F91C7 /* LFYQuery.h */,
				03473C8F18C95274000F91C7 /* LFYQuery.m */,
				03473C9118C9557D000F91C7 /* LFYPost.h */,
				03473C9218C9557D000F91C7 /* LFYPost.m */,
				03473C9418C9569D000F91C7 /* LFYUser.h */,
				03473C9518C9569D000F91C7 /* LFYUser.m */,
				03473C9718C957DA000F91C7 /* LFYPhoto.h */,
				03473C9818C957DA000F91C7 /* LFYPhoto.m */,
				03473C9A18C95872000F91C7 /* LFYComment.h */,
				03473C9B18C95872000F91C7 /* LFYComment.m */,
				03473C9D18C958E9000F91C7 /* LFYTag.h */,
				03473C9E18C958E9000F91C7 /* LFYTag.m */,
			);
			path = Models;
			sourceTree = "<group>";
		};
		03473C7E18C949D8000F91C7 /* Controllers */ = {
			isa = PBXGroup;
			children = (
			);
			path = Controllers;
			sourceTree = "<group>";
		};
		03473C7F18C949DF000F91C7 /* Views */ = {
			isa = PBXGroup;
			children = (
			);
			path = Views;
			sourceTree = "<group>";
		};
		03473C8018C949ED000F91C7 /* Others */ = {
			isa = PBXGroup;
			children = (
			);
			path = Others;
			sourceTree = "<group>";
		};
		03473C8118C94A2A000F91C7 /* Networking */ = {
			isa = PBXGroup;
			children = (
			);
			path = Networking;
			sourceTree = "<group>";
		};
		03473CA018C9593E000F91C7 /* ModelTests */ = {
			isa = PBXGroup;
			children = (
				03473CA118C9596E000F91C7 /* LFYPostTests.m */,
				03473CA318C959B0000F91C7 /* Post.json */,
				03473CA518C95C24000F91C7 /* XCTestCase+Additionals.h */,
				03473CA618C95C24000F91C7 /* XCTestCase+Additionals.m */,
				03473CA818C960BB000F91C7 /* LFYUserTests.m */,
				03473CAA18C96112000F91C7 /* User.json */,
				03473CAC18C961D6000F91C7 /* Photo.json */,
				03473CAE18C961E3000F91C7 /* LFYPhotoTests.m */,
				03473CB018C962B4000F91C7 /* LFYCommentTests.m */,
				03473CB218C962BE000F91C7 /* Comment.json */,
			);
			path = ModelTests;
			sourceTree = "<group>";
		};
		034961BB18C0A384007880B4 = {
			isa = PBXGroup;
			children = (
				034961CD18C0A384007880B4 /* LittleFully */,
				034961EC18C0A385007880B4 /* LittleFullyTests */,
				034961C618C0A384007880B4 /* Frameworks */,
				034961C518C0A384007880B4 /* Products */,
				72E63961C8804D06A55ECA04 /* Pods.xcconfig */,
				2D34D8E9DA5A46A79B3FCA95 /* Pods-LittleFullyTests.xcconfig */,
			);
			sourceTree = "<group>";
		};
		034961C518C0A384007880B4 /* Products */ = {
			isa = PBXGroup;
			children = (
				034961C418C0A384007880B4 /* LittleFully.app */,
				034961E518C0A385007880B4 /* LittleFullyTests.xctest */,
			);
			name = Products;
			sourceTree = "<group>";
		};
		034961C618C0A384007880B4 /* Frameworks */ = {
			isa = PBXGroup;
			children = (
				034961C718C0A384007880B4 /* Foundation.framework */,
				034961C918C0A384007880B4 /* CoreGraphics.framework */,
				034961CB18C0A384007880B4 /* UIKit.framework */,
				034961E618C0A385007880B4 /* XCTest.framework */,
				16EB8884C09F48F8BDFA944C /* libPods.a */,
				82D47127AB5F4B25B7157B9A /* libPods-LittleFullyTests.a */,
			);
			name = Frameworks;
			sourceTree = "<group>";
		};
		034961CD18C0A384007880B4 /* LittleFully */ = {
			isa = PBXGroup;
			children = (
				03473C8118C94A2A000F91C7 /* Networking */,
				03473C8018C949ED000F91C7 /* Others */,
				03473C7F18C949DF000F91C7 /* Views */,
				03473C7E18C949D8000F91C7 /* Controllers */,
				03473C7D18C949D2000F91C7 /* Models */,
				03473C7C18C949CA000F91C7 /* Categories */,
				034961D618C0A384007880B4 /* AppDelegate.h */,
				034961D718C0A384007880B4 /* AppDelegate.m */,
				034961DF18C0A384007880B4 /* Images.xcassets */,
				034961CE18C0A384007880B4 /* Supporting Files */,
			);
			path = LittleFully;
			sourceTree = "<group>";
		};
		034961CE18C0A384007880B4 /* Supporting Files */ = {
			isa = PBXGroup;
			children = (
				034961CF18C0A384007880B4 /* LittleFully-Info.plist */,
				034961D018C0A384007880B4 /* InfoPlist.strings */,
				034961D318C0A384007880B4 /* main.m */,
				034961D518C0A384007880B4 /* LittleFully-Prefix.pch */,
			);
			name = "Supporting Files";
			sourceTree = "<group>";
		};
		034961EC18C0A385007880B4 /* LittleFullyTests */ = {
			isa = PBXGroup;
			children = (
				03473CA018C9593E000F91C7 /* ModelTests */,
				034961ED18C0A385007880B4 /* Supporting Files */,
			);
			path = LittleFullyTests;
			sourceTree = "<group>";
		};
		034961ED18C0A385007880B4 /* Supporting Files */ = {
			isa = PBXGroup;
			children = (
				034961EE18C0A385007880B4 /* LittleFullyTests-Info.plist */,
				034961EF18C0A385007880B4 /* InfoPlist.strings */,
			);
			name = "Supporting Files";
			sourceTree = "<group>";
		};
/* End PBXGroup section */

/* Begin PBXNativeTarget section */
		034961C318C0A384007880B4 /* LittleFully */ = {
			isa = PBXNativeTarget;
			buildConfigurationList = 034961F618C0A385007880B4 /* Build configuration list for PBXNativeTarget "LittleFully" */;
			buildPhases = (
				B50B650EB7E04E428FBE3193 /* Check Pods Manifest.lock */,
				034961C018C0A384007880B4 /* Sources */,
				034961C118C0A384007880B4 /* Frameworks */,
				034961C218C0A384007880B4 /* Resources */,
				8BF0A8118D974DCC89BAC973 /* Copy Pods Resources */,
			);
			buildRules = (
			);
			dependencies = (
			);
			name = LittleFully;
			productName = LittleFully;
			productReference = 034961C418C0A384007880B4 /* LittleFully.app */;
			productType = "com.apple.product-type.application";
		};
		034961E418C0A385007880B4 /* LittleFullyTests */ = {
			isa = PBXNativeTarget;
			buildConfigurationList = 034961F918C0A385007880B4 /* Build configuration list for PBXNativeTarget "LittleFullyTests" */;
			buildPhases = (
				9FA7DF20326244A6880924FD /* Check Pods Manifest.lock */,
				034961E118C0A385007880B4 /* Sources */,
				034961E218C0A385007880B4 /* Frameworks */,
				034961E318C0A385007880B4 /* Resources */,
				1AF827C3ACB746B58D03B347 /* Copy Pods Resources */,
			);
			buildRules = (
			);
			dependencies = (
				034961EB18C0A385007880B4 /* PBXTargetDependency */,
			);
			name = LittleFullyTests;
			productName = LittleFullyTests;
			productReference = 034961E518C0A385007880B4 /* LittleFullyTests.xctest */;
			productType = "com.apple.product-type.bundle.unit-test";
		};
/* End PBXNativeTarget section */

/* Begin PBXProject section */
		034961BC18C0A384007880B4 /* Project object */ = {
			isa = PBXProject;
			attributes = {
				LastUpgradeCheck = 0500;
				ORGANIZATIONNAME = "Little Fully";
				TargetAttributes = {
					034961E418C0A385007880B4 = {
						TestTargetID = 034961C318C0A384007880B4;
					};
				};
			};
			buildConfigurationList = 034961BF18C0A384007880B4 /* Build configuration list for PBXProject "LittleFully" */;
			compatibilityVersion = "Xcode 3.2";
			developmentRegion = English;
			hasScannedForEncodings = 0;
			knownRegions = (
				en,
				Base,
			);
			mainGroup = 034961BB18C0A384007880B4;
			productRefGroup = 034961C518C0A384007880B4 /* Products */;
			projectDirPath = "";
			projectRoot = "";
			targets = (
				034961C318C0A384007880B4 /* LittleFully */,
				034961E418C0A385007880B4 /* LittleFullyTests */,
			);
		};
/* End PBXProject section */

/* Begin PBXResourcesBuildPhase section */
		034961C218C0A384007880B4 /* Resources */ = {
			isa = PBXResourcesBuildPhase;
			buildActionMask = 2147483647;
			files = (
				034961E018C0A384007880B4 /* Images.xcassets in Resources */,
				034961D218C0A384007880B4 /* InfoPlist.strings in Resources */,
			);
			runOnlyForDeploymentPostprocessing = 0;
		};
		034961E318C0A385007880B4 /* Resources */ = {
			isa = PBXResourcesBuildPhase;
			buildActionMask = 2147483647;
			files = (
				03473CAD18C961D6000F91C7 /* Photo.json in Resources */,
				034961F118C0A385007880B4 /* InfoPlist.strings in Resources */,
				03473CB318C962BE000F91C7 /* Comment.json in Resources */,
				03473CAB18C96112000F91C7 /* User.json in Resources */,
				03473CA418C959B0000F91C7 /* Post.json in Resources */,
			);
			runOnlyForDeploymentPostprocessing = 0;
		};
/* End PBXResourcesBuildPhase section */

/* Begin PBXShellScriptBuildPhase section */
		1AF827C3ACB746B58D03B347 /* Copy Pods Resources */ = {
			isa = PBXShellScriptBuildPhase;
			buildActionMask = 2147483647;
			files = (
			);
			inputPaths = (
			);
			name = "Copy Pods Resources";
			outputPaths = (
			);
			runOnlyForDeploymentPostprocessing = 0;
			shellPath = /bin/sh;
			shellScript = "\"${SRCROOT}/Pods/Pods-LittleFullyTests-resources.sh\"\n";
			showEnvVarsInLog = 0;
		};
		8BF0A8118D974DCC89BAC973 /* Copy Pods Resources */ = {
			isa = PBXShellScriptBuildPhase;
			buildActionMask = 2147483647;
			files = (
			);
			inputPaths = (
			);
			name = "Copy Pods Resources";
			outputPaths = (
			);
			runOnlyForDeploymentPostprocessing = 0;
			shellPath = /bin/sh;
			shellScript = "\"${SRCROOT}/Pods/Pods-resources.sh\"\n";
			showEnvVarsInLog = 0;
		};
		9FA7DF20326244A6880924FD /* Check Pods Manifest.lock */ = {
			isa = PBXShellScriptBuildPhase;
			buildActionMask = 2147483647;
			files = (
			);
			inputPaths = (
			);
			name = "Check Pods Manifest.lock";
			outputPaths = (
			);
			runOnlyForDeploymentPostprocessing = 0;
			shellPath = /bin/sh;
			shellScript = "diff \"${PODS_ROOT}/../Podfile.lock\" \"${PODS_ROOT}/Manifest.lock\" > /dev/null\nif [[ $? != 0 ]] ; then\n    cat << EOM\nerror: The sandbox is not in sync with the Podfile.lock. Run 'pod install' or update your CocoaPods installation.\nEOM\n    exit 1\nfi\n";
			showEnvVarsInLog = 0;
		};
		B50B650EB7E04E428FBE3193 /* Check Pods Manifest.lock */ = {
			isa = PBXShellScriptBuildPhase;
			buildActionMask = 2147483647;
			files = (
			);
			inputPaths = (
			);
			name = "Check Pods Manifest.lock";
			outputPaths = (
			);
			runOnlyForDeploymentPostprocessing = 0;
			shellPath = /bin/sh;
			shellScript = "diff \"${PODS_ROOT}/../Podfile.lock\" \"${PODS_ROOT}/Manifest.lock\" > /dev/null\nif [[ $? != 0 ]] ; then\n    cat << EOM\nerror: The sandbox is not in sync with the Podfile.lock. Run 'pod install' or update your CocoaPods installation.\nEOM\n    exit 1\nfi\n";
			showEnvVarsInLog = 0;
		};
/* End PBXShellScriptBuildPhase section */

/* Begin PBXSourcesBuildPhase section */
		034961C018C0A384007880B4 /* Sources */ = {
			isa = PBXSourcesBuildPhase;
			buildActionMask = 2147483647;
			files = (
				03473C8D18C94B19000F91C7 /* MTLModel+Additionals.m in Sources */,
				03473C9018C95274000F91C7 /* LFYQuery.m in Sources */,
				03473C9F18C958E9000F91C7 /* LFYTag.m in Sources */,
				03473C8718C94A89000F91C7 /* NSString+Additionals.m in Sources */,
				03473C9C18C95872000F91C7 /* LFYComment.m in Sources */,
				034961D818C0A384007880B4 /* AppDelegate.m in Sources */,
				03473C8418C94A6B000F91C7 /* NSObject+Additionals.m in Sources */,
				03473C9318C9557D000F91C7 /* LFYPost.m in Sources */,
				03473C8A18C94ACA000F91C7 /* LFYObject.m in Sources */,
				03473C9618C9569D000F91C7 /* LFYUser.m in Sources */,
				03473C9918C957DA000F91C7 /* LFYPhoto.m in Sources */,
				034961D418C0A384007880B4 /* main.m in Sources */,
			);
			runOnlyForDeploymentPostprocessing = 0;
		};
		034961E118C0A385007880B4 /* Sources */ = {
			isa = PBXSourcesBuildPhase;
			buildActionMask = 2147483647;
			files = (
				03473CA218C9596E000F91C7 /* LFYPostTests.m in Sources */,
				03473CA718C95C24000F91C7 /* XCTestCase+Additionals.m in Sources */,
				03473CB118C962B4000F91C7 /* LFYCommentTests.m in Sources */,
				03473CAF18C961E3000F91C7 /* LFYPhotoTests.m in Sources */,
				03473CA918C960BB000F91C7 /* LFYUserTests.m in Sources */,
			);
			runOnlyForDeploymentPostprocessing = 0;
		};
/* End PBXSourcesBuildPhase section */

/* Begin PBXTargetDependency section */
		034961EB18C0A385007880B4 /* PBXTargetDependency */ = {
			isa = PBXTargetDependency;
			target = 034961C318C0A384007880B4 /* LittleFully */;
			targetProxy = 034961EA18C0A385007880B4 /* PBXContainerItemProxy */;
		};
/* End PBXTargetDependency section */

/* Begin PBXVariantGroup section */
		034961D018C0A384007880B4 /* InfoPlist.strings */ = {
			isa = PBXVariantGroup;
			children = (
				034961D118C0A384007880B4 /* en */,
			);
			name = InfoPlist.strings;
			sourceTree = "<group>";
		};
		034961EF18C0A385007880B4 /* InfoPlist.strings */ = {
			isa = PBXVariantGroup;
			children = (
				034961F018C0A385007880B4 /* en */,
			);
			name = InfoPlist.strings;
			sourceTree = "<group>";
		};
/* End PBXVariantGroup section */

/* Begin XCBuildConfiguration section */
		034961F418C0A385007880B4 /* Debug */ = {
			isa = XCBuildConfiguration;
			buildSettings = {
				ALWAYS_SEARCH_USER_PATHS = NO;
				ARCHS = "$(ARCHS_STANDARD_INCLUDING_64_BIT)";
				CLANG_CXX_LANGUAGE_STANDARD = "gnu++0x";
				CLANG_CXX_LIBRARY = "libc++";
				CLANG_ENABLE_MODULES = YES;
				CLANG_ENABLE_OBJC_ARC = YES;
				CLANG_WARN_BOOL_CONVERSION = YES;
				CLANG_WARN_CONSTANT_CONVERSION = YES;
				CLANG_WARN_DIRECT_OBJC_ISA_USAGE = YES_ERROR;
				CLANG_WARN_EMPTY_BODY = YES;
				CLANG_WARN_ENUM_CONVERSION = YES;
				CLANG_WARN_INT_CONVERSION = YES;
				CLANG_WARN_OBJC_ROOT_CLASS = YES_ERROR;
				CLANG_WARN__DUPLICATE_METHOD_MATCH = YES;
				"CODE_SIGN_IDENTITY[sdk=iphoneos*]" = "iPhone Developer";
				COPY_PHASE_STRIP = NO;
				GCC_C_LANGUAGE_STANDARD = gnu99;
				GCC_DYNAMIC_NO_PIC = NO;
				GCC_OPTIMIZATION_LEVEL = 0;
				GCC_PREPROCESSOR_DEFINITIONS = (
					"DEBUG=1",
					"$(inherited)",
				);
				GCC_SYMBOLS_PRIVATE_EXTERN = NO;
				GCC_WARN_64_TO_32_BIT_CONVERSION = YES;
				GCC_WARN_ABOUT_RETURN_TYPE = YES_ERROR;
				GCC_WARN_UNDECLARED_SELECTOR = YES;
				GCC_WARN_UNINITIALIZED_AUTOS = YES;
				GCC_WARN_UNUSED_FUNCTION = YES;
				GCC_WARN_UNUSED_VARIABLE = YES;
				IPHONEOS_DEPLOYMENT_TARGET = 7.0;
				ONLY_ACTIVE_ARCH = YES;
				SDKROOT = iphoneos;
			};
			name = Debug;
		};
		034961F518C0A385007880B4 /* Release */ = {
			isa = XCBuildConfiguration;
			buildSettings = {
				ALWAYS_SEARCH_USER_PATHS = NO;
				ARCHS = "$(ARCHS_STANDARD_INCLUDING_64_BIT)";
				CLANG_CXX_LANGUAGE_STANDARD = "gnu++0x";
				CLANG_CXX_LIBRARY = "libc++";
				CLANG_ENABLE_MODULES = YES;
				CLANG_ENABLE_OBJC_ARC = YES;
				CLANG_WARN_BOOL_CONVERSION = YES;
				CLANG_WARN_CONSTANT_CONVERSION = YES;
				CLANG_WARN_DIRECT_OBJC_ISA_USAGE = YES_ERROR;
				CLANG_WARN_EMPTY_BODY = YES;
				CLANG_WARN_ENUM_CONVERSION = YES;
				CLANG_WARN_INT_CONVERSION = YES;
				CLANG_WARN_OBJC_ROOT_CLASS = YES_ERROR;
				CLANG_WARN__DUPLICATE_METHOD_MATCH = YES;
				"CODE_SIGN_IDENTITY[sdk=iphoneos*]" = "iPhone Developer";
				COPY_PHASE_STRIP = YES;
				ENABLE_NS_ASSERTIONS = NO;
				GCC_C_LANGUAGE_STANDARD = gnu99;
				GCC_WARN_64_TO_32_BIT_CONVERSION = YES;
				GCC_WARN_ABOUT_RETURN_TYPE = YES_ERROR;
				GCC_WARN_UNDECLARED_SELECTOR = YES;
				GCC_WARN_UNINITIALIZED_AUTOS = YES;
				GCC_WARN_UNUSED_FUNCTION = YES;
				GCC_WARN_UNUSED_VARIABLE = YES;
				IPHONEOS_DEPLOYMENT_TARGET = 7.0;
				SDKROOT = iphoneos;
				VALIDATE_PRODUCT = YES;
			};
			name = Release;
		};
		034961F718C0A385007880B4 /* Debug */ = {
			isa = XCBuildConfiguration;
			baseConfigurationReference = 72E63961C8804D06A55ECA04 /* Pods.xcconfig */;
			buildSettings = {
				ASSETCATALOG_COMPILER_APPICON_NAME = AppIcon;
				ASSETCATALOG_COMPILER_LAUNCHIMAGE_NAME = LaunchImage;
				GCC_PRECOMPILE_PREFIX_HEADER = YES;
				GCC_PREFIX_HEADER = "LittleFully/LittleFully-Prefix.pch";
				INFOPLIST_FILE = "LittleFully/LittleFully-Info.plist";
				PRODUCT_NAME = "$(TARGET_NAME)";
				WRAPPER_EXTENSION = app;
			};
			name = Debug;
		};
		034961F818C0A385007880B4 /* Release */ = {
			isa = XCBuildConfiguration;
			baseConfigurationReference = 72E63961C8804D06A55ECA04 /* Pods.xcconfig */;
			buildSettings = {
				ASSETCATALOG_COMPILER_APPICON_NAME = AppIcon;
				ASSETCATALOG_COMPILER_LAUNCHIMAGE_NAME = LaunchImage;
				GCC_PRECOMPILE_PREFIX_HEADER = YES;
				GCC_PREFIX_HEADER = "LittleFully/LittleFully-Prefix.pch";
				INFOPLIST_FILE = "LittleFully/LittleFully-Info.plist";
				PRODUCT_NAME = "$(TARGET_NAME)";
				WRAPPER_EXTENSION = app;
			};
			name = Release;
		};
		034961FA18C0A385007880B4 /* Debug */ = {
			isa = XCBuildConfiguration;
			baseConfigurationReference = 2D34D8E9DA5A46A79B3FCA95 /* Pods-LittleFullyTests.xcconfig */;
			buildSettings = {
				ARCHS = "$(ARCHS_STANDARD_INCLUDING_64_BIT)";
				BUNDLE_LOADER = "$(BUILT_PRODUCTS_DIR)/LittleFully.app/LittleFully";
				FRAMEWORK_SEARCH_PATHS = (
					"$(SDKROOT)/Developer/Library/Frameworks",
					"$(inherited)",
					"$(DEVELOPER_FRAMEWORKS_DIR)",
				);
				GCC_PRECOMPILE_PREFIX_HEADER = YES;
				GCC_PREFIX_HEADER = "LittleFully/LittleFully-Prefix.pch";
				GCC_PREPROCESSOR_DEFINITIONS = (
					"DEBUG=1",
					"$(inherited)",
					"EXP_SHORTHAND=1",
				);
				INFOPLIST_FILE = "LittleFullyTests/LittleFullyTests-Info.plist";
				PRODUCT_NAME = "$(TARGET_NAME)";
				TEST_HOST = "$(BUNDLE_LOADER)";
				WRAPPER_EXTENSION = xctest;
			};
			name = Debug;
		};
		034961FB18C0A385007880B4 /* Release */ = {
			isa = XCBuildConfiguration;
			baseConfigurationReference = 2D34D8E9DA5A46A79B3FCA95 /* Pods-LittleFullyTests.xcconfig */;
			buildSettings = {
				ARCHS = "$(ARCHS_STANDARD_INCLUDING_64_BIT)";
				BUNDLE_LOADER = "$(BUILT_PRODUCTS_DIR)/LittleFully.app/LittleFully";
				FRAMEWORK_SEARCH_PATHS = (
					"$(SDKROOT)/Developer/Library/Frameworks",
					"$(inherited)",
					"$(DEVELOPER_FRAMEWORKS_DIR)",
				);
				GCC_PRECOMPILE_PREFIX_HEADER = YES;
				GCC_PREFIX_HEADER = "LittleFully/LittleFully-Prefix.pch";
				INFOPLIST_FILE = "LittleFullyTests/LittleFullyTests-Info.plist";
				PRODUCT_NAME = "$(TARGET_NAME)";
				TEST_HOST = "$(BUNDLE_LOADER)";
				WRAPPER_EXTENSION = xctest;
			};
			name = Release;
		};
/* End XCBuildConfiguration section */

/* Begin XCConfigurationList section */
		034961BF18C0A384007880B4 /* Build configuration list for PBXProject "LittleFully" */ = {
			isa = XCConfigurationList;
			buildConfigurations = (
				034961F418C0A385007880B4 /* Debug */,
				034961F518C0A385007880B4 /* Release */,
			);
			defaultConfigurationIsVisible = 0;
			defaultConfigurationName = Release;
		};
		034961F618C0A385007880B4 /* Build configuration list for PBXNativeTarget "LittleFully" */ = {
			isa = XCConfigurationList;
			buildConfigurations = (
				034961F718C0A385007880B4 /* Debug */,
				034961F818C0A385007880B4 /* Release */,
			);
			defaultConfigurationIsVisible = 0;
			defaultConfigurationName = Release;
		};
		034961F918C0A385007880B4 /* Build configuration list for PBXNativeTarget "LittleFullyTests" */ = {
			isa = XCConfigurationList;
			buildConfigurations = (
				034961FA18C0A385007880B4 /* Debug */,
				034961FB18C0A385007880B4 /* Release */,
			);
			defaultConfigurationIsVisible = 0;
			defaultConfigurationName = Release;
		};
/* End XCConfigurationList section */
	};
	rootObject = 034961BC18C0A384007880B4 /* Project object */;
}
